<?xml version="1.0" encoding="utf-8"?>
<Project ToolsVersion="Current" xmlns="http://schemas.microsoft.com/developer/msbuild/2003">
  <ItemGroup>
    <Filter Include="Source Files">
      <UniqueIdentifier>{04b036c9-0be7-45db-ac59-fb8650fc8287}</UniqueIdentifier>
    </Filter>
    <Filter Include="Header Files">
      <UniqueIdentifier>{c9f1a371-2e84-4b3a-840b-ea8054585b0f}</UniqueIdentifier>
    </Filter>
  </ItemGroup>
  <ItemGroup>
    <ClCompile Include="src\source.c">
      <Filter>Source Files</Filter>
    </ClCompile>
  </ItemGroup>
</Project>